// !$*UTF8*$!
{
	archiveVersion = 1;
	classes = {
	};
	objectVersion = 50;
	objects = {

/* Begin PBXBuildFile section */
		720B7D9A26D5B5F800031160 /* MessageViewController.swift in Sources */ = {isa = PBXBuildFile; fileRef = 720B7D9926D5B5F800031160 /* MessageViewController.swift */; };
		720B7D9C26D5B60200031160 /* UploadViewController.swift in Sources */ = {isa = PBXBuildFile; fileRef = 720B7D9B26D5B60200031160 /* UploadViewController.swift */; };
		720B7D9E26D5B60C00031160 /* NoticeViewController.swift in Sources */ = {isa = PBXBuildFile; fileRef = 720B7D9D26D5B60C00031160 /* NoticeViewController.swift */; };
		720E1F6926BBAF960036D6CB /* AppDelegate.swift in Sources */ = {isa = PBXBuildFile; fileRef = 720E1F6826BBAF960036D6CB /* AppDelegate.swift */; };
		720E1F6B26BBAF960036D6CB /* SceneDelegate.swift in Sources */ = {isa = PBXBuildFile; fileRef = 720E1F6A26BBAF960036D6CB /* SceneDelegate.swift */; };
		720E1F7226BBAF970036D6CB /* Assets.xcassets in Resources */ = {isa = PBXBuildFile; fileRef = 720E1F7126BBAF970036D6CB /* Assets.xcassets */; };
		720E1F7526BBAF970036D6CB /* LaunchScreen.storyboard in Resources */ = {isa = PBXBuildFile; fileRef = 720E1F7326BBAF970036D6CB /* LaunchScreen.storyboard */; };
		720E1F7D26BBB3860036D6CB /* BaseViewController.swift in Sources */ = {isa = PBXBuildFile; fileRef = 720E1F7C26BBB3860036D6CB /* BaseViewController.swift */; };
		720E1F7F26BBB3CD0036D6CB /* MainTabbarController.swift in Sources */ = {isa = PBXBuildFile; fileRef = 720E1F7E26BBB3CD0036D6CB /* MainTabbarController.swift */; };
		726A6C5D26BBBB2200B81990 /* HomeViewController.swift in Sources */ = {isa = PBXBuildFile; fileRef = 726A6C5C26BBBB2200B81990 /* HomeViewController.swift */; };
		726A6C5F26BBBB2D00B81990 /* SearchViewController.swift in Sources */ = {isa = PBXBuildFile; fileRef = 726A6C5E26BBBB2D00B81990 /* SearchViewController.swift */; };
		726A6C6126BBBB3A00B81990 /* MatchViewController.swift in Sources */ = {isa = PBXBuildFile; fileRef = 726A6C6026BBBB3A00B81990 /* MatchViewController.swift */; };
		726A6C6326BBBB4E00B81990 /* PracticeViewController.swift in Sources */ = {isa = PBXBuildFile; fileRef = 726A6C6226BBBB4E00B81990 /* PracticeViewController.swift */; };
		726A6C6526BBBB5A00B81990 /* ProfileViewController.swift in Sources */ = {isa = PBXBuildFile; fileRef = 726A6C6426BBBB5A00B81990 /* ProfileViewController.swift */; };
/* End PBXBuildFile section */

/* Begin PBXFileReference section */
		720B7D9926D5B5F800031160 /* MessageViewController.swift */ = {isa = PBXFileReference; lastKnownFileType = sourcecode.swift; path = MessageViewController.swift; sourceTree = "<group>"; };
		720B7D9B26D5B60200031160 /* UploadViewController.swift */ = {isa = PBXFileReference; lastKnownFileType = sourcecode.swift; path = UploadViewController.swift; sourceTree = "<group>"; };
		720B7D9D26D5B60C00031160 /* NoticeViewController.swift */ = {isa = PBXFileReference; lastKnownFileType = sourcecode.swift; path = NoticeViewController.swift; sourceTree = "<group>"; };
		720E1F6526BBAF960036D6CB /* Start.app */ = {isa = PBXFileReference; explicitFileType = wrapper.application; includeInIndex = 0; path = Start.app; sourceTree = BUILT_PRODUCTS_DIR; };
		720E1F6826BBAF960036D6CB /* AppDelegate.swift */ = {isa = PBXFileReference; lastKnownFileType = sourcecode.swift; path = AppDelegate.swift; sourceTree = "<group>"; };
		720E1F6A26BBAF960036D6CB /* SceneDelegate.swift */ = {isa = PBXFileReference; lastKnownFileType = sourcecode.swift; path = SceneDelegate.swift; sourceTree = "<group>"; };
		720E1F7126BBAF970036D6CB /* Assets.xcassets */ = {isa = PBXFileReference; lastKnownFileType = folder.assetcatalog; path = Assets.xcassets; sourceTree = "<group>"; };
		720E1F7426BBAF970036D6CB /* Base */ = {isa = PBXFileReference; lastKnownFileType = file.storyboard; name = Base; path = Base.lproj/LaunchScreen.storyboard; sourceTree = "<group>"; };
		720E1F7626BBAF970036D6CB /* Info.plist */ = {isa = PBXFileReference; lastKnownFileType = text.plist.xml; path = Info.plist; sourceTree = "<group>"; };
		720E1F7C26BBB3860036D6CB /* BaseViewController.swift */ = {isa = PBXFileReference; lastKnownFileType = sourcecode.swift; path = BaseViewController.swift; sourceTree = "<group>"; };
		720E1F7E26BBB3CD0036D6CB /* MainTabbarController.swift */ = {isa = PBXFileReference; lastKnownFileType = sourcecode.swift; path = MainTabbarController.swift; sourceTree = "<group>"; };
		726A6C5C26BBBB2200B81990 /* HomeViewController.swift */ = {isa = PBXFileReference; lastKnownFileType = sourcecode.swift; path = HomeViewController.swift; sourceTree = "<group>"; };
		726A6C5E26BBBB2D00B81990 /* SearchViewController.swift */ = {isa = PBXFileReference; lastKnownFileType = sourcecode.swift; path = SearchViewController.swift; sourceTree = "<group>"; };
		726A6C6026BBBB3A00B81990 /* MatchViewController.swift */ = {isa = PBXFileReference; lastKnownFileType = sourcecode.swift; path = MatchViewController.swift; sourceTree = "<group>"; };
		726A6C6226BBBB4E00B81990 /* PracticeViewController.swift */ = {isa = PBXFileReference; lastKnownFileType = sourcecode.swift; path = PracticeViewController.swift; sourceTree = "<group>"; };
		726A6C6426BBBB5A00B81990 /* ProfileViewController.swift */ = {isa = PBXFileReference; lastKnownFileType = sourcecode.swift; path = ProfileViewController.swift; sourceTree = "<group>"; };
/* End PBXFileReference section */

/* Begin PBXFrameworksBuildPhase section */
		720E1F6226BBAF960036D6CB /* Frameworks */ = {
			isa = PBXFrameworksBuildPhase;
			buildActionMask = 2147483647;
			files = (
			);
			runOnlyForDeploymentPostprocessing = 0;
		};
/* End PBXFrameworksBuildPhase section */

/* Begin PBXGroup section */
		720B7D9F26D5B61500031160 /* HomeNavigation */ = {
			isa = PBXGroup;
			children = (
				720B7D9926D5B5F800031160 /* MessageViewController.swift */,
				720B7D9B26D5B60200031160 /* UploadViewController.swift */,
				720B7D9D26D5B60C00031160 /* NoticeViewController.swift */,
			);
			path = HomeNavigation;
			sourceTree = "<group>";
		};
		720E1F5C26BBAF960036D6CB = {
			isa = PBXGroup;
			children = (
				720E1F6726BBAF960036D6CB /* Start */,
				720E1F6626BBAF960036D6CB /* Products */,
			);
			sourceTree = "<group>";
		};
		720E1F6626BBAF960036D6CB /* Products */ = {
			isa = PBXGroup;
			children = (
				720E1F6526BBAF960036D6CB /* Start.app */,
			);
			name = Products;
			sourceTree = "<group>";
		};
		720E1F6726BBAF960036D6CB /* Start */ = {
			isa = PBXGroup;
			children = (
				720E1F6826BBAF960036D6CB /* AppDelegate.swift */,
				720E1F6A26BBAF960036D6CB /* SceneDelegate.swift */,
				720E1F7C26BBB3860036D6CB /* BaseViewController.swift */,
				720E1F7E26BBB3CD0036D6CB /* MainTabbarController.swift */,
				726A6C6626BBBB7600B81990 /* TabbarItems */,
				720E1F7126BBAF970036D6CB /* Assets.xcassets */,
				720E1F7326BBAF970036D6CB /* LaunchScreen.storyboard */,
				720E1F7626BBAF970036D6CB /* Info.plist */,
			);
			path = Start;
			sourceTree = "<group>";
		};
		726A6C6626BBBB7600B81990 /* TabbarItems */ = {
			isa = PBXGroup;
			children = (
				726A6C5C26BBBB2200B81990 /* HomeViewController.swift */,
				720B7D9F26D5B61500031160 /* HomeNavigation */,
				726A6C5E26BBBB2D00B81990 /* SearchViewController.swift */,
				726A6C6026BBBB3A00B81990 /* MatchViewController.swift */,
				726A6C6226BBBB4E00B81990 /* PracticeViewController.swift */,
				726A6C6426BBBB5A00B81990 /* ProfileViewController.swift */,
			);
			path = TabbarItems;
			sourceTree = "<group>";
		};
/* End PBXGroup section */

/* Begin PBXNativeTarget section */
		720E1F6426BBAF960036D6CB /* Start */ = {
			isa = PBXNativeTarget;
			buildConfigurationList = 720E1F7926BBAF970036D6CB /* Build configuration list for PBXNativeTarget "Start" */;
			buildPhases = (
				720E1F6126BBAF960036D6CB /* Sources */,
				720E1F6226BBAF960036D6CB /* Frameworks */,
				720E1F6326BBAF960036D6CB /* Resources */,
			);
			buildRules = (
			);
			dependencies = (
			);
			name = Start;
			productName = Start;
			productReference = 720E1F6526BBAF960036D6CB /* Start.app */;
			productType = "com.apple.product-type.application";
		};
/* End PBXNativeTarget section */

/* Begin PBXProject section */
		720E1F5D26BBAF960036D6CB /* Project object */ = {
			isa = PBXProject;
			attributes = {
				LastSwiftUpdateCheck = 1250;
				LastUpgradeCheck = 1250;
				TargetAttributes = {
					720E1F6426BBAF960036D6CB = {
						CreatedOnToolsVersion = 12.5.1;
					};
				};
			};
			buildConfigurationList = 720E1F6026BBAF960036D6CB /* Build configuration list for PBXProject "Start" */;
			compatibilityVersion = "Xcode 9.3";
			developmentRegion = en;
			hasScannedForEncodings = 0;
			knownRegions = (
				en,
				Base,
			);
			mainGroup = 720E1F5C26BBAF960036D6CB;
			productRefGroup = 720E1F6626BBAF960036D6CB /* Products */;
			projectDirPath = "";
			projectRoot = "";
			targets = (
				720E1F6426BBAF960036D6CB /* Start */,
			);
		};
/* End PBXProject section */

/* Begin PBXResourcesBuildPhase section */
		720E1F6326BBAF960036D6CB /* Resources */ = {
			isa = PBXResourcesBuildPhase;
			buildActionMask = 2147483647;
			files = (
				720E1F7526BBAF970036D6CB /* LaunchScreen.storyboard in Resources */,
				720E1F7226BBAF970036D6CB /* Assets.xcassets in Resources */,
			);
			runOnlyForDeploymentPostprocessing = 0;
		};
/* End PBXResourcesBuildPhase section */

/* Begin PBXSourcesBuildPhase section */
		720E1F6126BBAF960036D6CB /* Sources */ = {
			isa = PBXSourcesBuildPhase;
			buildActionMask = 2147483647;
			files = (
				726A6C6126BBBB3A00B81990 /* MatchViewController.swift in Sources */,
				720B7D9C26D5B60200031160 /* UploadViewController.swift in Sources */,
				726A6C5D26BBBB2200B81990 /* HomeViewController.swift in Sources */,
				726A6C6526BBBB5A00B81990 /* ProfileViewController.swift in Sources */,
				726A6C5F26BBBB2D00B81990 /* SearchViewController.swift in Sources */,
				720B7D9A26D5B5F800031160 /* MessageViewController.swift in Sources */,
				726A6C6326BBBB4E00B81990 /* PracticeViewController.swift in Sources */,
				720E1F7D26BBB3860036D6CB /* BaseViewController.swift in Sources */,
				720E1F7F26BBB3CD0036D6CB /* MainTabbarController.swift in Sources */,
				720E1F6926BBAF960036D6CB /* AppDelegate.swift in Sources */,
				720B7D9E26D5B60C00031160 /* NoticeViewController.swift in Sources */,
				720E1F6B26BBAF960036D6CB /* SceneDelegate.swift in Sources */,
			);
			runOnlyForDeploymentPostprocessing = 0;
		};
/* End PBXSourcesBuildPhase section */

/* Begin PBXVariantGroup section */
		720E1F7326BBAF970036D6CB /* LaunchScreen.storyboard */ = {
			isa = PBXVariantGroup;
			children = (
				720E1F7426BBAF970036D6CB /* Base */,
			);
			name = LaunchScreen.storyboard;
			sourceTree = "<group>";
		};
/* End PBXVariantGroup section */

/* Begin XCBuildConfiguration section */
		720E1F7726BBAF970036D6CB /* Debug */ = {
			isa = XCBuildConfiguration;
			buildSettings = {
				ALWAYS_SEARCH_USER_PATHS = NO;
				CLANG_ANALYZER_NONNULL = YES;
				CLANG_ANALYZER_NUMBER_OBJECT_CONVERSION = YES_AGGRESSIVE;
				CLANG_CXX_LANGUAGE_STANDARD = "gnu++14";
				CLANG_CXX_LIBRARY = "libc++";
				CLANG_ENABLE_MODULES = YES;
				CLANG_ENABLE_OBJC_ARC = YES;
				CLANG_ENABLE_OBJC_WEAK = YES;
				CLANG_WARN_BLOCK_CAPTURE_AUTORELEASING = YES;
				CLANG_WARN_BOOL_CONVERSION = YES;
				CLANG_WARN_COMMA = YES;
				CLANG_WARN_CONSTANT_CONVERSION = YES;
				CLANG_WARN_DEPRECATED_OBJC_IMPLEMENTATIONS = YES;
				CLANG_WARN_DIRECT_OBJC_ISA_USAGE = YES_ERROR;
				CLANG_WARN_DOCUMENTATION_COMMENTS = YES;
				CLANG_WARN_EMPTY_BODY = YES;
				CLANG_WARN_ENUM_CONVERSION = YES;
				CLANG_WARN_INFINITE_RECURSION = YES;
				CLANG_WARN_INT_CONVERSION = YES;
				CLANG_WARN_NON_LITERAL_NULL_CONVERSION = YES;
				CLANG_WARN_OBJC_IMPLICIT_RETAIN_SELF = YES;
				CLANG_WARN_OBJC_LITERAL_CONVERSION = YES;
				CLANG_WARN_OBJC_ROOT_CLASS = YES_ERROR;
				CLANG_WARN_QUOTED_INCLUDE_IN_FRAMEWORK_HEADER = YES;
				CLANG_WARN_RANGE_LOOP_ANALYSIS = YES;
				CLANG_WARN_STRICT_PROTOTYPES = YES;
				CLANG_WARN_SUSPICIOUS_MOVE = YES;
				CLANG_WARN_UNGUARDED_AVAILABILITY = YES_AGGRESSIVE;
				CLANG_WARN_UNREACHABLE_CODE = YES;
				CLANG_WARN__DUPLICATE_METHOD_MATCH = YES;
				COPY_PHASE_STRIP = NO;
				DEBUG_INFORMATION_FORMAT = dwarf;
				ENABLE_STRICT_OBJC_MSGSEND = YES;
				ENABLE_TESTABILITY = YES;
				GCC_C_LANGUAGE_STANDARD = gnu11;
				GCC_DYNAMIC_NO_PIC = NO;
				GCC_NO_COMMON_BLOCKS = YES;
				GCC_OPTIMIZATION_LEVEL = 0;
				GCC_PREPROCESSOR_DEFINITIONS = (
					"DEBUG=1",
					"$(inherited)",
				);
				GCC_WARN_64_TO_32_BIT_CONVERSION = YES;
				GCC_WARN_ABOUT_RETURN_TYPE = YES_ERROR;
				GCC_WARN_UNDECLARED_SELECTOR = YES;
				GCC_WARN_UNINITIALIZED_AUTOS = YES_AGGRESSIVE;
				GCC_WARN_UNUSED_FUNCTION = YES;
				GCC_WARN_UNUSED_VARIABLE = YES;
				IPHONEOS_DEPLOYMENT_TARGET = 14.5;
				MTL_ENABLE_DEBUG_INFO = INCLUDE_SOURCE;
				MTL_FAST_MATH = YES;
				ONLY_ACTIVE_ARCH = YES;
				SDKROOT = iphoneos;
				SWIFT_ACTIVE_COMPILATION_CONDITIONS = DEBUG;
				SWIFT_OPTIMIZATION_LEVEL = "-Onone";
			};
			name = Debug;
		};
		720E1F7826BBAF970036D6CB /* Release */ = {
			isa = XCBuildConfiguration;
			buildSettings = {
				ALWAYS_SEARCH_USER_PATHS = NO;
				CLANG_ANALYZER_NONNULL = YES;
				CLANG_ANALYZER_NUMBER_OBJECT_CONVERSION = YES_AGGRESSIVE;
				CLANG_CXX_LANGUAGE_STANDARD = "gnu++14";
				CLANG_CXX_LIBRARY = "libc++";
				CLANG_ENABLE_MODULES = YES;
				CLANG_ENABLE_OBJC_ARC = YES;
				CLANG_ENABLE_OBJC_WEAK = YES;
				CLANG_WARN_BLOCK_CAPTURE_AUTORELEASING = YES;
				CLANG_WARN_BOOL_CONVERSION = YES;
				CLANG_WARN_COMMA = YES;
				CLANG_WARN_CONSTANT_CONVERSION = YES;
				CLANG_WARN_DEPRECATED_OBJC_IMPLEMENTATIONS = YES;
				CLANG_WARN_DIRECT_OBJC_ISA_USAGE = YES_ERROR;
				CLANG_WARN_DOCUMENTATION_COMMENTS = YES;
				CLANG_WARN_EMPTY_BODY = YES;
				CLANG_WARN_ENUM_CONVERSION = YES;
				CLANG_WARN_INFINITE_RECURSION = YES;
				CLANG_WARN_INT_CONVERSION = YES;
				CLANG_WARN_NON_LITERAL_NULL_CONVERSION = YES;
				CLANG_WARN_OBJC_IMPLICIT_RETAIN_SELF = YES;
				CLANG_WARN_OBJC_LITERAL_CONVERSION = YES;
				CLANG_WARN_OBJC_ROOT_CLASS = YES_ERROR;
				CLANG_WARN_QUOTED_INCLUDE_IN_FRAMEWORK_HEADER = YES;
				CLANG_WARN_RANGE_LOOP_ANALYSIS = YES;
				CLANG_WARN_STRICT_PROTOTYPES = YES;
				CLANG_WARN_SUSPICIOUS_MOVE = YES;
				CLANG_WARN_UNGUARDED_AVAILABILITY = YES_AGGRESSIVE;
				CLANG_WARN_UNREACHABLE_CODE = YES;
				CLANG_WARN__DUPLICATE_METHOD_MATCH = YES;
				COPY_PHASE_STRIP = NO;
				DEBUG_INFORMATION_FORMAT = "dwarf-with-dsym";
				ENABLE_NS_ASSERTIONS = NO;
				ENABLE_STRICT_OBJC_MSGSEND = YES;
				GCC_C_LANGUAGE_STANDARD = gnu11;
				GCC_NO_COMMON_BLOCKS = YES;
				GCC_WARN_64_TO_32_BIT_CONVERSION = YES;
				GCC_WARN_ABOUT_RETURN_TYPE = YES_ERROR;
				GCC_WARN_UNDECLARED_SELECTOR = YES;
				GCC_WARN_UNINITIALIZED_AUTOS = YES_AGGRESSIVE;
				GCC_WARN_UNUSED_FUNCTION = YES;
				GCC_WARN_UNUSED_VARIABLE = YES;
				IPHONEOS_DEPLOYMENT_TARGET = 14.5;
				MTL_ENABLE_DEBUG_INFO = NO;
				MTL_FAST_MATH = YES;
				SDKROOT = iphoneos;
				SWIFT_COMPILATION_MODE = wholemodule;
				SWIFT_OPTIMIZATION_LEVEL = "-O";
				VALIDATE_PRODUCT = YES;
			};
			name = Release;
		};
		720E1F7A26BBAF970036D6CB /* Debug */ = {
			isa = XCBuildConfiguration;
			buildSettings = {
				ASSETCATALOG_COMPILER_APPICON_NAME = AppIcon;
				ASSETCATALOG_COMPILER_GLOBAL_ACCENT_COLOR_NAME = AccentColor;
				CODE_SIGN_STYLE = Automatic;
				DEVELOPMENT_TEAM = 8682R2TV9L;
				INFOPLIST_FILE = Start/Info.plist;
				LD_RUNPATH_SEARCH_PATHS = (
					"$(inherited)",
					"@executable_path/Frameworks",
				);
				PRODUCT_BUNDLE_IDENTIFIER = ZainGlobal.Start;
				PRODUCT_NAME = "$(TARGET_NAME)";
				SWIFT_VERSION = 5.0;
				TARGETED_DEVICE_FAMILY = "1,2";
			};
			name = Debug;
		};
		720E1F7B26BBAF970036D6CB /* Release */ = {
			isa = XCBuildConfiguration;
			buildSettings = {
				ASSETCATALOG_COMPILER_APPICON_NAME = AppIcon;
				ASSETCATALOG_COMPILER_GLOBAL_ACCENT_COLOR_NAME = AccentColor;
				CODE_SIGN_STYLE = Automatic;
				DEVELOPMENT_TEAM = 8682R2TV9L;
				INFOPLIST_FILE = Start/Info.plist;
				LD_RUNPATH_SEARCH_PATHS = (
					"$(inherited)",
					"@executable_path/Frameworks",
				);
				PRODUCT_BUNDLE_IDENTIFIER = ZainGlobal.Start;
				PRODUCT_NAME = "$(TARGET_NAME)";
				SWIFT_VERSION = 5.0;
				TARGETED_DEVICE_FAMILY = "1,2";
			};
			name = Release;
		};
/* End XCBuildConfiguration section */

/* Begin XCConfigurationList section */
		720E1F6026BBAF960036D6CB /* Build configuration list for PBXProject "Start" */ = {
			isa = XCConfigurationList;
			buildConfigurations = (
				720E1F7726BBAF970036D6CB /* Debug */,
				720E1F7826BBAF970036D6CB /* Release */,
			);
			defaultConfigurationIsVisible = 0;
			defaultConfigurationName = Release;
		};
		720E1F7926BBAF970036D6CB /* Build configuration list for PBXNativeTarget "Start" */ = {
			isa = XCConfigurationList;
			buildConfigurations = (
				720E1F7A26BBAF970036D6CB /* Debug */,
				720E1F7B26BBAF970036D6CB /* Release */,
			);
			defaultConfigurationIsVisible = 0;
			defaultConfigurationName = Release;
		};
/* End XCConfigurationList section */
	};
	rootObject = 720E1F5D26BBAF960036D6CB /* Project object */;
}
